
Microsoft Visual Studio Solution File, Format Version 12.00
# Visual Studio Version 16
VisualStudioVersion = 16.0.29418.71
MinimumVisualStudioVersion = 10.0.40219.1
Project("{FAE04EC0-301F-11D3-BF4B-00C04F79EFBC}") = "Interceptor-Exception", "Interceptor-Exception\Interceptor-Exception.csproj", "{233C6A15-BF32-4FD2-82BA-5C9AAEC2EEC4}"
EndProject
Global
	GlobalSection(SolutionConfigurationPlatforms) = preSolution
		Debug|Any CPU = Debug|Any CPU
		Release|Any CPU = Release|Any CPU
	EndGlobalSection
	GlobalSection(ProjectConfigurationPlatforms) = postSolution
		{233C6A15-BF32-4FD2-82BA-5C9AAEC2EEC4}.Debug|Any CPU.ActiveCfg = Debug|Any CPU
		{233C6A15-BF32-4FD2-82BA-5C9AAEC2EEC4}.Debug|Any CPU.Build.0 = Debug|Any CPU
		{233C6A15-BF32-4FD2-82BA-5C9AAEC2EEC4}.Release|Any CPU.ActiveCfg = Release|Any CPU
		{233C6A15-BF32-4FD2-82BA-5C9AAEC2EEC4}.Release|Any CPU.Build.0 = Release|Any CPU
	EndGlobalSection
	GlobalSection(SolutionProperties) = preSolution
		HideSolutionNode = FALSE
	EndGlobalSection
	GlobalSection(ExtensibilityGlobals) = postSolution
		SolutionGuid = {A2452248-A794-4591-BE59-BB2C54481A42}
	EndGlobalSection
EndGlobal
